# This file is generated by running "yarn install" inside your project.
# Manual changes might be lost - proceed with caution!

__metadata:
  version: 6
  cacheKey: 10c0

"@babel/runtime@npm:^7.9.2":
  version: 7.24.0
  resolution: "@babel/runtime@npm:7.24.0"
  dependencies:
    regenerator-runtime: "npm:^0.14.0"
  checksum: 3495eed727bf4a4f84c35bb51ab53317ae38f4bbc3b1d0a8303751f9dfa0ce6f5fb2afced72b76c3dd0d8bb2ccb84787559a4dee9886291a36b26f02f0f759b4
  languageName: node
  linkType: hard

"@types/hoist-non-react-statics@npm:^3.3.0":
  version: 3.3.5
  resolution: "@types/hoist-non-react-statics@npm:3.3.5"
  dependencies:
    "@types/react": "npm:*"
    hoist-non-react-statics: "npm:^3.3.0"
  checksum: 2a3b64bf3d9817d7830afa60ee314493c475fb09570a64e7737084cd482d2177ebdddf888ce837350bac51741278b077683facc9541f052d4bbe8487b4e3e618
  languageName: node
  linkType: hard

"@types/http-proxy@npm:^1.17.8":
  version: 1.17.14
  resolution: "@types/http-proxy@npm:1.17.14"
  dependencies:
    "@types/node": "npm:*"
  checksum: c4bffd87be9aff7e879c05bd2c28716220e0eb39788e3f8d314eee665324ad8f5f0919041cbd710254d553cd9cea023f8b776d4b1ec31d2188eac60af18c3022
  languageName: node
  linkType: hard

"@types/node@npm:*":
  version: 20.11.29
  resolution: "@types/node@npm:20.11.29"
  dependencies:
    undici-types: "npm:~5.26.4"
  checksum: b839bad64b2d0e2b4a2d09a53c019ac06c732ac66ea88f3a86a9d2f28a789caf8fd56b888f577183459733abfa1b77e4bf6986cde18b2ec63e1939427aa0d387
  languageName: node
  linkType: hard

"@types/prop-types@npm:*":
  version: 15.7.11
  resolution: "@types/prop-types@npm:15.7.11"
  checksum: e53423cf9d510515ef8b47ff42f4f1b65a7b7b37c8704e2dbfcb9a60defe0c0e1f3cb1acfdeb466bad44ca938d7c79bffdd51b48ffb659df2432169d0b27a132
  languageName: node
  linkType: hard

"@types/react-redux@npm:^7.1.33":
  version: 7.1.33
  resolution: "@types/react-redux@npm:7.1.33"
  dependencies:
    "@types/hoist-non-react-statics": "npm:^3.3.0"
    "@types/react": "npm:*"
    hoist-non-react-statics: "npm:^3.3.0"
    redux: "npm:^4.0.0"
  checksum: e17a2fea00c6ab5f22868e927b4da7b7cf8dc7c85102638fa0f87e12ae0ec13335d9b3bf75098b3316dd8d2a18c99fe08bed22daa989a13f3710c4530f7b979e
  languageName: node
  linkType: hard

"@types/react@npm:*":
  version: 18.2.67
  resolution: "@types/react@npm:18.2.67"
  dependencies:
    "@types/prop-types": "npm:*"
    "@types/scheduler": "npm:*"
    csstype: "npm:^3.0.2"
  checksum: d8c49476ca8c96cbbcd8b1fd1bf881396dbf548fdadb0b6463d0bb262e5013e0a239994842d09e74f9c21dcaf620555bc1f1485f8578b0498af87bc06291f5a2
  languageName: node
  linkType: hard

"@types/redux-thunk@npm:2.1.0":
  version: 2.1.0
  resolution: "@types/redux-thunk@npm:2.1.0"
  dependencies:
    redux-thunk: "npm:*"
  checksum: 358b64539f2eece640990d3e56c1593aec87b6121d797286b8c481b55e71fdf9fb0ea198dc606eb6857703e0d5cc9b35aba25d42390d92037b7525e8aa57b26f
  languageName: node
  linkType: hard

"@types/scheduler@npm:*":
  version: 0.16.8
  resolution: "@types/scheduler@npm:0.16.8"
  checksum: f86de504945b8fc41b1f391f847444d542e2e4067cf7e5d9bfeb5d2d2393d3203b1161bc0ef3b1e104d828dabfb60baf06e8d2c27e27ff7e8258e6e618d8c4ec
  languageName: node
  linkType: hard

"Dymium@workspace:.":
  version: 0.0.0-use.local
  resolution: "Dymium@workspace:."
  dependencies:
    "@types/react-redux": ^7.1.33
    "@types/redux-thunk": 2.1.0
    browserslist: 4.23.0
    follow-redirects: ^1.15.6
    http-proxy: ^1.18.1
    http-proxy-middleware: ^2.0.6
    loader-utils: 2.0.4
    update-browserslist-db: ^1.0.14
  languageName: unknown
  linkType: soft

"big.js@npm:^5.2.2":
  version: 5.2.2
  resolution: "big.js@npm:5.2.2"
  checksum: 230520f1ff920b2d2ce3e372d77a33faa4fa60d802fe01ca4ffbc321ee06023fe9a741ac02793ee778040a16b7e497f7d60c504d1c402b8fdab6f03bb785a25f
  languageName: node
  linkType: hard

"braces@npm:^3.0.2":
  version: 3.0.2
  resolution: "braces@npm:3.0.2"
  dependencies:
    fill-range: "npm:^7.0.1"
  checksum: 321b4d675791479293264019156ca322163f02dc06e3c4cab33bb15cd43d80b51efef69b0930cfde3acd63d126ebca24cd0544fa6f261e093a0fb41ab9dda381
  languageName: node
  linkType: hard

"browserslist@npm:4.23.0":
  version: 4.23.0
  resolution: "browserslist@npm:4.23.0"
  dependencies:
    caniuse-lite: "npm:^1.0.30001587"
    electron-to-chromium: "npm:^1.4.668"
    node-releases: "npm:^2.0.14"
    update-browserslist-db: "npm:^1.0.13"
  bin:
    browserslist: cli.js
  checksum: 8e9cc154529062128d02a7af4d8adeead83ca1df8cd9ee65a88e2161039f3d68a4d40fea7353cab6bae4c16182dec2fdd9a1cf7dc2a2935498cee1af0e998943
  languageName: node
  linkType: hard

"caniuse-lite@npm:^1.0.30001587":
  version: 1.0.30001599
  resolution: "caniuse-lite@npm:1.0.30001599"
  checksum: 8b3b9610b5be88533a3c8d0770d6896f7b1a9fee3dbeb7339e4ee119a514c81e5e07a628a5a289a6541ca291ac78a9402f5a99cf6012139e91f379083488a8eb
  languageName: node
  linkType: hard

"csstype@npm:^3.0.2":
  version: 3.1.3
  resolution: "csstype@npm:3.1.3"
  checksum: 80c089d6f7e0c5b2bd83cf0539ab41474198579584fa10d86d0cafe0642202343cbc119e076a0b1aece191989477081415d66c9fefbf3c957fc2fc4b7009f248
  languageName: node
  linkType: hard

"electron-to-chromium@npm:^1.4.668":
  version: 1.4.709
  resolution: "electron-to-chromium@npm:1.4.709"
  checksum: 7b73ca67ebd1450a5882bed16d09d8411b9783591f77cfc5d272e651d11bf895ea58fe354805d481b2cc081d0bba3154327750d8b2ecac9356e1755edcf1a4e3
  languageName: node
  linkType: hard

"emojis-list@npm:^3.0.0":
  version: 3.0.0
  resolution: "emojis-list@npm:3.0.0"
  checksum: 7dc4394b7b910444910ad64b812392159a21e1a7ecc637c775a440227dcb4f80eff7fe61f4453a7d7603fa23d23d30cc93fe9e4b5ed985b88d6441cd4a35117b
  languageName: node
  linkType: hard

"escalade@npm:^3.1.1, escalade@npm:^3.1.2":
  version: 3.1.2
  resolution: "escalade@npm:3.1.2"
  checksum: 6b4adafecd0682f3aa1cd1106b8fff30e492c7015b178bc81b2d2f75106dabea6c6d6e8508fc491bd58e597c74abb0e8e2368f943ecb9393d4162e3c2f3cf287
  languageName: node
  linkType: hard

"eventemitter3@npm:^4.0.0":
  version: 4.0.7
  resolution: "eventemitter3@npm:4.0.7"
  checksum: 5f6d97cbcbac47be798e6355e3a7639a84ee1f7d9b199a07017f1d2f1e2fe236004d14fa5dfaeba661f94ea57805385e326236a6debbc7145c8877fbc0297c6b
  languageName: node
  linkType: hard

"fill-range@npm:^7.0.1":
  version: 7.0.1
  resolution: "fill-range@npm:7.0.1"
  dependencies:
    to-regex-range: "npm:^5.0.1"
  checksum: 7cdad7d426ffbaadf45aeb5d15ec675bbd77f7597ad5399e3d2766987ed20bda24d5fac64b3ee79d93276f5865608bb22344a26b9b1ae6c4d00bd94bf611623f
  languageName: node
  linkType: hard

"follow-redirects@npm:^1.15.6":
  version: 1.15.6
  resolution: "follow-redirects@npm:1.15.6"
  peerDependenciesMeta:
    debug:
      optional: true
  checksum: 9ff767f0d7be6aa6870c82ac79cf0368cd73e01bbc00e9eb1c2a16fbb198ec105e3c9b6628bb98e9f3ac66fe29a957b9645bcb9a490bb7aa0d35f908b6b85071
  languageName: node
  linkType: hard

"hoist-non-react-statics@npm:^3.3.0":
  version: 3.3.2
  resolution: "hoist-non-react-statics@npm:3.3.2"
  dependencies:
    react-is: "npm:^16.7.0"
  checksum: fe0889169e845d738b59b64badf5e55fa3cf20454f9203d1eb088df322d49d4318df774828e789898dcb280e8a5521bb59b3203385662ca5e9218a6ca5820e74
  languageName: node
  linkType: hard

"http-proxy-middleware@npm:^2.0.6":
  version: 2.0.6
  resolution: "http-proxy-middleware@npm:2.0.6"
  dependencies:
    "@types/http-proxy": "npm:^1.17.8"
    http-proxy: "npm:^1.18.1"
    is-glob: "npm:^4.0.1"
    is-plain-obj: "npm:^3.0.0"
    micromatch: "npm:^4.0.2"
  peerDependencies:
    "@types/express": ^4.17.13
  peerDependenciesMeta:
    "@types/express":
      optional: true
  checksum: 25a0e550dd1900ee5048a692e0e9b2b6339d06d487a705d90c47e359e9c6561d648cd7862d001d090e651c9efffa1b6e5160fcf1f299b5fa4935f76e9754eb11
  languageName: node
  linkType: hard

"http-proxy@npm:^1.18.1":
  version: 1.18.1
  resolution: "http-proxy@npm:1.18.1"
  dependencies:
    eventemitter3: "npm:^4.0.0"
    follow-redirects: "npm:^1.0.0"
    requires-port: "npm:^1.0.0"
  checksum: 148dfa700a03fb421e383aaaf88ac1d94521dfc34072f6c59770528c65250983c2e4ec996f2f03aa9f3fe46cd1270a593126068319311e3e8d9e610a37533e94
  languageName: node
  linkType: hard

"is-extglob@npm:^2.1.1":
  version: 2.1.1
  resolution: "is-extglob@npm:2.1.1"
  checksum: 5487da35691fbc339700bbb2730430b07777a3c21b9ebaecb3072512dfd7b4ba78ac2381a87e8d78d20ea08affb3f1971b4af629173a6bf435ff8a4c47747912
  languageName: node
  linkType: hard

"is-glob@npm:^4.0.1":
  version: 4.0.3
  resolution: "is-glob@npm:4.0.3"
  dependencies:
    is-extglob: "npm:^2.1.1"
  checksum: 17fb4014e22be3bbecea9b2e3a76e9e34ff645466be702f1693e8f1ee1adac84710d0be0bd9f967d6354036fd51ab7c2741d954d6e91dae6bb69714de92c197a
  languageName: node
  linkType: hard

"is-number@npm:^7.0.0":
  version: 7.0.0
  resolution: "is-number@npm:7.0.0"
  checksum: b4686d0d3053146095ccd45346461bc8e53b80aeb7671cc52a4de02dbbf7dc0d1d2a986e2fe4ae206984b4d34ef37e8b795ebc4f4295c978373e6575e295d811
  languageName: node
  linkType: hard

"is-plain-obj@npm:^3.0.0":
  version: 3.0.0
  resolution: "is-plain-obj@npm:3.0.0"
  checksum: 8e6483bfb051d42ec9c704c0ede051a821c6b6f9a6c7a3e3b55aa855e00981b0580c8f3b1f5e2e62649b39179b1abfee35d6f8086d999bfaa32c1908d29b07bc
  languageName: node
  linkType: hard

"json5@npm:^2.1.2":
  version: 2.2.3
  resolution: "json5@npm:2.2.3"
  bin:
    json5: lib/cli.js
  checksum: 5a04eed94810fa55c5ea138b2f7a5c12b97c3750bc63d11e511dcecbfef758003861522a070c2272764ee0f4e3e323862f386945aeb5b85b87ee43f084ba586c
  languageName: node
  linkType: hard

"loader-utils@npm:2.0.4":
  version: 2.0.4
  resolution: "loader-utils@npm:2.0.4"
  dependencies:
    big.js: "npm:^5.2.2"
    emojis-list: "npm:^3.0.0"
    json5: "npm:^2.1.2"
  checksum: d5654a77f9d339ec2a03d88221a5a695f337bf71eb8dea031b3223420bb818964ba8ed0069145c19b095f6c8b8fd386e602a3fc7ca987042bd8bb1dcc90d7100
  languageName: node
  linkType: hard

"micromatch@npm:^4.0.2":
  version: 4.0.5
  resolution: "micromatch@npm:4.0.5"
  dependencies:
    braces: "npm:^3.0.2"
    picomatch: "npm:^2.3.1"
  checksum: 3d6505b20f9fa804af5d8c596cb1c5e475b9b0cd05f652c5b56141cf941bd72adaeb7a436fda344235cef93a7f29b7472efc779fcdb83b478eab0867b95cdeff
  languageName: node
  linkType: hard

"node-releases@npm:^2.0.14":
  version: 2.0.14
  resolution: "node-releases@npm:2.0.14"
  checksum: 199fc93773ae70ec9969bc6d5ac5b2bbd6eb986ed1907d751f411fef3ede0e4bfdb45ceb43711f8078bea237b6036db8b1bf208f6ff2b70c7d615afd157f3ab9
  languageName: node
  linkType: hard

"picocolors@npm:^1.0.0":
  version: 1.0.0
  resolution: "picocolors@npm:1.0.0"
  checksum: 20a5b249e331c14479d94ec6817a182fd7a5680debae82705747b2db7ec50009a5f6648d0621c561b0572703f84dbef0858abcbd5856d3c5511426afcb1961f7
  languageName: node
  linkType: hard

"picocolors@npm:^1.0.1":
  version: 1.0.1
  resolution: "picocolors@npm:1.0.1"
  checksum: 8/fa68166d1f56009fc02a34cdfd112b0dd3cf1ef57667ac57281f714065558c01828cdf4f18600ad6851cbe0093952ed0660b1e0156bddf2184b6aaf5817553a5
  languageName: node
  linkType: hard

"picomatch@npm:^2.3.1":
  version: 2.3.1
  resolution: "picomatch@npm:2.3.1"
  checksum: 26c02b8d06f03206fc2ab8d16f19960f2ff9e81a658f831ecb656d8f17d9edc799e8364b1f4a7873e89d9702dff96204be0fa26fe4181f6843f040f819dac4be
  languageName: node
  linkType: hard

"react-is@npm:^16.7.0":
  version: 16.13.1
  resolution: "react-is@npm:16.13.1"
  checksum: 33977da7a5f1a287936a0c85639fec6ca74f4f15ef1e59a6bc20338fc73dc69555381e211f7a3529b8150a1f71e4225525b41b60b52965bda53ce7d47377ada1
  languageName: node
  linkType: hard

"redux-thunk@npm:*":
  version: 3.1.0
  resolution: "redux-thunk@npm:3.1.0"
  peerDependencies:
    redux: ^5.0.0
  checksum: 21557f6a30e1b2e3e470933247e51749be7f1d5a9620069a3125778675ce4d178d84bdee3e2a0903427a5c429e3aeec6d4df57897faf93eb83455bc1ef7b66fd
  languageName: node
  linkType: hard

"redux@npm:^4.0.0":
  version: 4.2.1
  resolution: "redux@npm:4.2.1"
  dependencies:
    "@babel/runtime": "npm:^7.9.2"
  checksum: 136d98b3d5dbed1cd6279c8c18a6a74c416db98b8a432a46836bdd668475de6279a2d4fd9d1363f63904e00f0678a8a3e7fa532c897163340baf1e71bb42c742
  languageName: node
  linkType: hard

"regenerator-runtime@npm:^0.14.0":
  version: 0.14.1
  resolution: "regenerator-runtime@npm:0.14.1"
  checksum: 1b16eb2c4bceb1665c89de70dcb64126a22bc8eb958feef3cd68fe11ac6d2a4899b5cd1b80b0774c7c03591dc57d16631a7f69d2daa2ec98100e2f29f7ec4cc4
  languageName: node
  linkType: hard

"requires-port@npm:^1.0.0":
  version: 1.0.0
  resolution: "requires-port@npm:1.0.0"
  checksum: b2bfdd09db16c082c4326e573a82c0771daaf7b53b9ce8ad60ea46aa6e30aaf475fe9b164800b89f93b748d2c234d8abff945d2551ba47bf5698e04cd7713267
  languageName: node
  linkType: hard

"to-regex-range@npm:^5.0.1":
  version: 5.0.1
  resolution: "to-regex-range@npm:5.0.1"
  dependencies:
    is-number: "npm:^7.0.0"
  checksum: 487988b0a19c654ff3e1961b87f471702e708fa8a8dd02a298ef16da7206692e8552a0250e8b3e8759270f62e9d8314616f6da274734d3b558b1fc7b7724e892
  languageName: node
  linkType: hard

"undici-types@npm:~5.26.4":
  version: 5.26.5
  resolution: "undici-types@npm:5.26.5"
  checksum: bb673d7876c2d411b6eb6c560e0c571eef4a01c1c19925175d16e3a30c4c428181fb8d7ae802a261f283e4166a0ac435e2f505743aa9e45d893f9a3df017b501
  languageName: node
  linkType: hard

"update-browserslist-db@npm:^1.0.13":
  version: 1.0.13
  resolution: "update-browserslist-db@npm:1.0.13"
  dependencies:
    escalade: "npm:^3.1.1"
    picocolors: "npm:^1.0.0"
  peerDependencies:
    browserslist: ">= 4.21.0"
  bin:
    update-browserslist-db: cli.js
  checksum: e52b8b521c78ce1e0c775f356cd16a9c22c70d25f3e01180839c407a5dc787fb05a13f67560cbaf316770d26fa99f78f1acd711b1b54a4f35d4820d4ea7136e6
  languageName: node
  linkType: hard

"update-browserslist-db@npm:^1.0.14":
  version: 1.0.16
  resolution: "update-browserslist-db@npm:1.0.16"
  dependencies:
    escalade: ^3.1.2
    picocolors: ^1.0.1
  peerDependencies:
    browserslist: ">= 4.21.0"
  bin:
    update-browserslist-db: cli.js
  checksum: 8/51b1f7189c9ea5925c80154b0a6fd3ec36106d07858d8f69826427d8edb4735d1801512c69eade38ba0814d7407d11f400d74440bbf3da0309f3d788017f35b2
  languageName: node
  linkType: hard
